
Microsoft Visual Studio Solution File, Format Version 12.00
# Visual Studio Version 16
VisualStudioVersion = 16.0.33328.57
MinimumVisualStudioVersion = 10.0.40219.1
Project("{FAE04EC0-301F-11D3-BF4B-00C04F79EFBC}") = "AppDesktop", "AppDesktop\AppDesktop.csproj", "{B0D73236-3A4F-43B6-AC50-64429776B7B4}"
EndProject
Project("{FAE04EC0-301F-11D3-BF4B-00C04F79EFBC}") = "Modelo", "Modelo\Modelo.csproj", "{35525491-8063-4DD5-B875-0CFFC5E008D0}"
EndProject
Global
	GlobalSection(SolutionConfigurationPlatforms) = preSolution
		Debug|Any CPU = Debug|Any CPU
		Release|Any CPU = Release|Any CPU
	EndGlobalSection
	GlobalSection(ProjectConfigurationPlatforms) = postSolution
		{B0D73236-3A4F-43B6-AC50-64429776B7B4}.Debug|Any CPU.ActiveCfg = Debug|Any CPU
		{B0D73236-3A4F-43B6-AC50-64429776B7B4}.Debug|Any CPU.Build.0 = Debug|Any CPU
		{B0D73236-3A4F-43B6-AC50-64429776B7B4}.Release|Any CPU.ActiveCfg = Release|Any CPU
		{B0D73236-3A4F-43B6-AC50-64429776B7B4}.Release|Any CPU.Build.0 = Release|Any CPU
		{35525491-8063-4DD5-B875-0CFFC5E008D0}.Debug|Any CPU.ActiveCfg = Debug|Any CPU
		{35525491-8063-4DD5-B875-0CFFC5E008D0}.Debug|Any CPU.Build.0 = Debug|Any CPU
		{35525491-8063-4DD5-B875-0CFFC5E008D0}.Release|Any CPU.ActiveCfg = Release|Any CPU
		{35525491-8063-4DD5-B875-0CFFC5E008D0}.Release|Any CPU.Build.0 = Release|Any CPU
	EndGlobalSection
	GlobalSection(SolutionProperties) = preSolution
		HideSolutionNode = FALSE
	EndGlobalSection
	GlobalSection(ExtensibilityGlobals) = postSolution
		SolutionGuid = {F27DB8CB-0C19-4E86-8A22-BBA4E187F51A}
	EndGlobalSection
EndGlobal
